
Microsoft Visual Studio Solution File, Format Version 12.00
# Visual Studio 15
VisualStudioVersion = 15.0.27703.2018
MinimumVisualStudioVersion = 10.0.40219.1
Project("{FAE04EC0-301F-11D3-BF4B-00C04F79EFBC}") = "Laboratorio 4 - Excepciones", "Laboratorio 4 - Excepciones\Laboratorio 4 - Excepciones.csproj", "{872B2CAD-391A-4D3D-B260-44B3D602647A}"
EndProject
Global
	GlobalSection(SolutionConfigurationPlatforms) = preSolution
		Debug|Any CPU = Debug|Any CPU
		Release|Any CPU = Release|Any CPU
	EndGlobalSection
	GlobalSection(ProjectConfigurationPlatforms) = postSolution
		{872B2CAD-391A-4D3D-B260-44B3D602647A}.Debug|Any CPU.ActiveCfg = Debug|Any CPU
		{872B2CAD-391A-4D3D-B260-44B3D602647A}.Debug|Any CPU.Build.0 = Debug|Any CPU
		{872B2CAD-391A-4D3D-B260-44B3D602647A}.Release|Any CPU.ActiveCfg = Release|Any CPU
		{872B2CAD-391A-4D3D-B260-44B3D602647A}.Release|Any CPU.Build.0 = Release|Any CPU
	EndGlobalSection
	GlobalSection(SolutionProperties) = preSolution
		HideSolutionNode = FALSE
	EndGlobalSection
	GlobalSection(ExtensibilityGlobals) = postSolution
		SolutionGuid = {67FC43B1-67E7-40EF-953B-DDFDDD12F44D}
	EndGlobalSection
EndGlobal
